
Microsoft Visual Studio Solution File, Format Version 12.00
# Visual Studio Version 16
VisualStudioVersion = 16.0.32802.440
MinimumVisualStudioVersion = 10.0.40219.1
Project("{8BC9CEB8-8B4A-11D0-8D11-00A0C91BC942}") = "lab01aisd", "lab01aisd\lab01aisd.vcxproj", "{40B6D90A-FCAD-43D5-BCFE-6C1F4824169B}"
EndProject
Project("{8BC9CEB8-8B4A-11D0-8D11-00A0C91BC942}") = "lab1aisd", "lab1aisd\lab1aisd.vcxproj", "{D53C97FF-1C97-4303-A8CB-F5F4CFBC9035}"
EndProject
Global
	GlobalSection(SolutionConfigurationPlatforms) = preSolution
		Debug|x64 = Debug|x64
		Debug|x86 = Debug|x86
		Release|x64 = Release|x64
		Release|x86 = Release|x86
	EndGlobalSection
	GlobalSection(ProjectConfigurationPlatforms) = postSolution
		{40B6D90A-FCAD-43D5-BCFE-6C1F4824169B}.Debug|x64.ActiveCfg = Debug|x64
		{40B6D90A-FCAD-43D5-BCFE-6C1F4824169B}.Debug|x64.Build.0 = Debug|x64
		{40B6D90A-FCAD-43D5-BCFE-6C1F4824169B}.Debug|x86.ActiveCfg = Debug|Win32
		{40B6D90A-FCAD-43D5-BCFE-6C1F4824169B}.Debug|x86.Build.0 = Debug|Win32
		{40B6D90A-FCAD-43D5-BCFE-6C1F4824169B}.Release|x64.ActiveCfg = Release|x64
		{40B6D90A-FCAD-43D5-BCFE-6C1F4824169B}.Release|x64.Build.0 = Release|x64
		{40B6D90A-FCAD-43D5-BCFE-6C1F4824169B}.Release|x86.ActiveCfg = Release|Win32
		{40B6D90A-FCAD-43D5-BCFE-6C1F4824169B}.Release|x86.Build.0 = Release|Win32
		{D53C97FF-1C97-4303-A8CB-F5F4CFBC9035}.Debug|x64.ActiveCfg = Debug|x64
		{D53C97FF-1C97-4303-A8CB-F5F4CFBC9035}.Debug|x64.Build.0 = Debug|x64
		{D53C97FF-1C97-4303-A8CB-F5F4CFBC9035}.Debug|x86.ActiveCfg = Debug|Win32
		{D53C97FF-1C97-4303-A8CB-F5F4CFBC9035}.Debug|x86.Build.0 = Debug|Win32
		{D53C97FF-1C97-4303-A8CB-F5F4CFBC9035}.Release|x64.ActiveCfg = Release|x64
		{D53C97FF-1C97-4303-A8CB-F5F4CFBC9035}.Release|x64.Build.0 = Release|x64
		{D53C97FF-1C97-4303-A8CB-F5F4CFBC9035}.Release|x86.ActiveCfg = Release|Win32
		{D53C97FF-1C97-4303-A8CB-F5F4CFBC9035}.Release|x86.Build.0 = Release|Win32
	EndGlobalSection
	GlobalSection(SolutionProperties) = preSolution
		HideSolutionNode = FALSE
	EndGlobalSection
	GlobalSection(ExtensibilityGlobals) = postSolution
		SolutionGuid = {5D3D77D5-58D7-43E3-B367-7F0E357CD510}
	EndGlobalSection
EndGlobal
